
Microsoft Visual Studio Solution File, Format Version 12.00
# Visual Studio 2013
VisualStudioVersion = 12.0.30501.0
MinimumVisualStudioVersion = 10.0.40219.1
Project("{FAE04EC0-301F-11D3-BF4B-00C04F79EFBC}") = "kodowanieM", "kodowanieM\kodowanieM.csproj", "{8A5A2E77-8CC4-444D-8860-FCC8C7D3940E}"
EndProject
Global
	GlobalSection(SolutionConfigurationPlatforms) = preSolution
		Debug|Any CPU = Debug|Any CPU
		Release|Any CPU = Release|Any CPU
	EndGlobalSection
	GlobalSection(ProjectConfigurationPlatforms) = postSolution
		{8A5A2E77-8CC4-444D-8860-FCC8C7D3940E}.Debug|Any CPU.ActiveCfg = Debug|Any CPU
		{8A5A2E77-8CC4-444D-8860-FCC8C7D3940E}.Debug|Any CPU.Build.0 = Debug|Any CPU
		{8A5A2E77-8CC4-444D-8860-FCC8C7D3940E}.Release|Any CPU.ActiveCfg = Release|Any CPU
		{8A5A2E77-8CC4-444D-8860-FCC8C7D3940E}.Release|Any CPU.Build.0 = Release|Any CPU
	EndGlobalSection
	GlobalSection(SolutionProperties) = preSolution
		HideSolutionNode = FALSE
	EndGlobalSection
EndGlobal
